
Microsoft Visual Studio Solution File, Format Version 12.00
# Visual Studio Version 17
VisualStudioVersion = 17.8.34330.188
MinimumVisualStudioVersion = 10.0.40219.1
Project("{FAE04EC0-301F-11D3-BF4B-00C04F79EFBC}") = "Ispit.Model", "Ispit.Model.csproj", "{74097EFE-A3A0-46FB-98E9-496B163CAEE4}"
EndProject
Project("{FAE04EC0-301F-11D3-BF4B-00C04F79EFBC}") = "Ispit.Konzola", "..\Ispit.Konzola\Ispit.Konzola.csproj", "{5F821AE4-054A-444F-9078-C00B94016169}"
EndProject
Global
	GlobalSection(SolutionConfigurationPlatforms) = preSolution
		Debug|Any CPU = Debug|Any CPU
		Release|Any CPU = Release|Any CPU
	EndGlobalSection
	GlobalSection(ProjectConfigurationPlatforms) = postSolution
		{74097EFE-A3A0-46FB-98E9-496B163CAEE4}.Debug|Any CPU.ActiveCfg = Debug|Any CPU
		{74097EFE-A3A0-46FB-98E9-496B163CAEE4}.Debug|Any CPU.Build.0 = Debug|Any CPU
		{74097EFE-A3A0-46FB-98E9-496B163CAEE4}.Release|Any CPU.ActiveCfg = Release|Any CPU
		{74097EFE-A3A0-46FB-98E9-496B163CAEE4}.Release|Any CPU.Build.0 = Release|Any CPU
		{5F821AE4-054A-444F-9078-C00B94016169}.Debug|Any CPU.ActiveCfg = Debug|Any CPU
		{5F821AE4-054A-444F-9078-C00B94016169}.Debug|Any CPU.Build.0 = Debug|Any CPU
		{5F821AE4-054A-444F-9078-C00B94016169}.Release|Any CPU.ActiveCfg = Release|Any CPU
		{5F821AE4-054A-444F-9078-C00B94016169}.Release|Any CPU.Build.0 = Release|Any CPU
	EndGlobalSection
	GlobalSection(SolutionProperties) = preSolution
		HideSolutionNode = FALSE
	EndGlobalSection
	GlobalSection(ExtensibilityGlobals) = postSolution
		SolutionGuid = {F53656AC-CEB9-48DA-B5F3-348FB65A2D14}
	EndGlobalSection
EndGlobal
